// !$*UTF8*$!
{
	archiveVersion = 1;
	classes = {
	};
	objectVersion = 46;
	objects = {

/* Begin PBXBuildFile section */
		842C73851DCC30FB00E74E60 /* main.m in Sources */ = {isa = PBXBuildFile; fileRef = 842C73841DCC30FB00E74E60 /* main.m */; };
		842C73881DCC30FB00E74E60 /* AppDelegate.m in Sources */ = {isa = PBXBuildFile; fileRef = 842C73871DCC30FB00E74E60 /* AppDelegate.m */; };
		842C738B1DCC30FB00E74E60 /* ViewController.m in Sources */ = {isa = PBXBuildFile; fileRef = 842C738A1DCC30FB00E74E60 /* ViewController.m */; };
		842C738E1DCC30FB00E74E60 /* Main.storyboard in Resources */ = {isa = PBXBuildFile; fileRef = 842C738C1DCC30FB00E74E60 /* Main.storyboard */; };
		842C73911DCC30FB00E74E60 /* Ares3DTouch_First.xcdatamodeld in Sources */ = {isa = PBXBuildFile; fileRef = 842C738F1DCC30FB00E74E60 /* Ares3DTouch_First.xcdatamodeld */; };
		842C73931DCC30FB00E74E60 /* Assets.xcassets in Resources */ = {isa = PBXBuildFile; fileRef = 842C73921DCC30FB00E74E60 /* Assets.xcassets */; };
		842C73961DCC30FC00E74E60 /* LaunchScreen.storyboard in Resources */ = {isa = PBXBuildFile; fileRef = 842C73941DCC30FC00E74E60 /* LaunchScreen.storyboard */; };
		842C73A11DCC30FC00E74E60 /* Ares3DTouch_FirstTests.m in Sources */ = {isa = PBXBuildFile; fileRef = 842C73A01DCC30FC00E74E60 /* Ares3DTouch_FirstTests.m */; };
		842C73AC1DCC30FC00E74E60 /* Ares3DTouch_FirstUITests.m in Sources */ = {isa = PBXBuildFile; fileRef = 842C73AB1DCC30FC00E74E60 /* Ares3DTouch_FirstUITests.m */; };
		842C73BB1DCC311600E74E60 /* SafariServices.framework in Frameworks */ = {isa = PBXBuildFile; fileRef = 842C73BA1DCC311600E74E60 /* SafariServices.framework */; };
/* End PBXBuildFile section */

/* Begin PBXContainerItemProxy section */
		842C739D1DCC30FC00E74E60 /* PBXContainerItemProxy */ = {
			isa = PBXContainerItemProxy;
			containerPortal = 842C73781DCC30FB00E74E60 /* Project object */;
			proxyType = 1;
			remoteGlobalIDString = 842C737F1DCC30FB00E74E60;
			remoteInfo = Ares3DTouch_First;
		};
		842C73A81DCC30FC00E74E60 /* PBXContainerItemProxy */ = {
			isa = PBXContainerItemProxy;
			containerPortal = 842C73781DCC30FB00E74E60 /* Project object */;
			proxyType = 1;
			remoteGlobalIDString = 842C737F1DCC30FB00E74E60;
			remoteInfo = Ares3DTouch_First;
		};
/* End PBXContainerItemProxy section */

/* Begin PBXFileReference section */
		842C73801DCC30FB00E74E60 /* Ares3DTouch_First.app */ = {isa = PBXFileReference; explicitFileType = wrapper.application; includeInIndex = 0; path = Ares3DTouch_First.app; sourceTree = BUILT_PRODUCTS_DIR; };
		842C73841DCC30FB00E74E60 /* main.m */ = {isa = PBXFileReference; lastKnownFileType = sourcecode.c.objc; path = main.m; sourceTree = "<group>"; };
		842C73861DCC30FB00E74E60 /* AppDelegate.h */ = {isa = PBXFileReference; lastKnownFileType = sourcecode.c.h; path = AppDelegate.h; sourceTree = "<group>"; };
		842C73871DCC30FB00E74E60 /* AppDelegate.m */ = {isa = PBXFileReference; lastKnownFileType = sourcecode.c.objc; path = AppDelegate.m; sourceTree = "<group>"; };
		842C73891DCC30FB00E74E60 /* ViewController.h */ = {isa = PBXFileReference; lastKnownFileType = sourcecode.c.h; path = ViewController.h; sourceTree = "<group>"; };
		842C738A1DCC30FB00E74E60 /* ViewController.m */ = {isa = PBXFileReference; lastKnownFileType = sourcecode.c.objc; path = ViewController.m; sourceTree = "<group>"; };
		842C738D1DCC30FB00E74E60 /* Base */ = {isa = PBXFileReference; lastKnownFileType = file.storyboard; name = Base; path = Base.lproj/Main.storyboard; sourceTree = "<group>"; };
		842C73901DCC30FB00E74E60 /* Ares3DTouch_First.xcdatamodel */ = {isa = PBXFileReference; lastKnownFileType = wrapper.xcdatamodel; path = Ares3DTouch_First.xcdatamodel; sourceTree = "<group>"; };
		842C73921DCC30FB00E74E60 /* Assets.xcassets */ = {isa = PBXFileReference; lastKnownFileType = folder.assetcatalog; path = Assets.xcassets; sourceTree = "<group>"; };
		842C73951DCC30FC00E74E60 /* Base */ = {isa = PBXFileReference; lastKnownFileType = file.storyboard; name = Base; path = Base.lproj/LaunchScreen.storyboard; sourceTree = "<group>"; };
		842C73971DCC30FC00E74E60 /* Info.plist */ = {isa = PBXFileReference; lastKnownFileType = text.plist.xml; path = Info.plist; sourceTree = "<group>"; };
		842C739C1DCC30FC00E74E60 /* Ares3DTouch_FirstTests.xctest */ = {isa = PBXFileReference; explicitFileType = wrapper.cfbundle; includeInIndex = 0; path = Ares3DTouch_FirstTests.xctest; sourceTree = BUILT_PRODUCTS_DIR; };
		842C73A01DCC30FC00E74E60 /* Ares3DTouch_FirstTests.m */ = {isa = PBXFileReference; lastKnownFileType = sourcecode.c.objc; path = Ares3DTouch_FirstTests.m; sourceTree = "<group>"; };
		842C73A21DCC30FC00E74E60 /* Info.plist */ = {isa = PBXFileReference; lastKnownFileType = text.plist.xml; path = Info.plist; sourceTree = "<group>"; };
		842C73A71DCC30FC00E74E60 /* Ares3DTouch_FirstUITests.xctest */ = {isa = PBXFileReference; explicitFileType = wrapper.cfbundle; includeInIndex = 0; path = Ares3DTouch_FirstUITests.xctest; sourceTree = BUILT_PRODUCTS_DIR; };
		842C73AB1DCC30FC00E74E60 /* Ares3DTouch_FirstUITests.m */ = {isa = PBXFileReference; lastKnownFileType = sourcecode.c.objc; path = Ares3DTouch_FirstUITests.m; sourceTree = "<group>"; };
		842C73AD1DCC30FC00E74E60 /* Info.plist */ = {isa = PBXFileReference; lastKnownFileType = text.plist.xml; path = Info.plist; sourceTree = "<group>"; };
		842C73BA1DCC311600E74E60 /* SafariServices.framework */ = {isa = PBXFileReference; lastKnownFileType = wrapper.framework; name = SafariServices.framework; path = System/Library/Frameworks/SafariServices.framework; sourceTree = SDKROOT; };
/* End PBXFileReference section */

/* Begin PBXFrameworksBuildPhase section */
		842C737D1DCC30FB00E74E60 /* Frameworks */ = {
			isa = PBXFrameworksBuildPhase;
			buildActionMask = 2147483647;
			files = (
				842C73BB1DCC311600E74E60 /* SafariServices.framework in Frameworks */,
			);
			runOnlyForDeploymentPostprocessing = 0;
		};
		842C73991DCC30FC00E74E60 /* Frameworks */ = {
			isa = PBXFrameworksBuildPhase;
			buildActionMask = 2147483647;
			files = (
			);
			runOnlyForDeploymentPostprocessing = 0;
		};
		842C73A41DCC30FC00E74E60 /* Frameworks */ = {
			isa = PBXFrameworksBuildPhase;
			buildActionMask = 2147483647;
			files = (
			);
			runOnlyForDeploymentPostprocessing = 0;
		};
/* End PBXFrameworksBuildPhase section */

/* Begin PBXGroup section */
		842C73771DCC30FB00E74E60 = {
			isa = PBXGroup;
			children = (
				842C73821DCC30FB00E74E60 /* Ares3DTouch_First */,
				842C739F1DCC30FC00E74E60 /* Ares3DTouch_FirstTests */,
				842C73AA1DCC30FC00E74E60 /* Ares3DTouch_FirstUITests */,
				842C73811DCC30FB00E74E60 /* Products */,
				842C73B91DCC311600E74E60 /* Frameworks */,
			);
			sourceTree = "<group>";
		};
		842C73811DCC30FB00E74E60 /* Products */ = {
			isa = PBXGroup;
			children = (
				842C73801DCC30FB00E74E60 /* Ares3DTouch_First.app */,
				842C739C1DCC30FC00E74E60 /* Ares3DTouch_FirstTests.xctest */,
				842C73A71DCC30FC00E74E60 /* Ares3DTouch_FirstUITests.xctest */,
			);
			name = Products;
			sourceTree = "<group>";
		};
		842C73821DCC30FB00E74E60 /* Ares3DTouch_First */ = {
			isa = PBXGroup;
			children = (
				842C73861DCC30FB00E74E60 /* AppDelegate.h */,
				842C73871DCC30FB00E74E60 /* AppDelegate.m */,
				842C73891DCC30FB00E74E60 /* ViewController.h */,
				842C738A1DCC30FB00E74E60 /* ViewController.m */,
				842C738C1DCC30FB00E74E60 /* Main.storyboard */,
				842C73921DCC30FB00E74E60 /* Assets.xcassets */,
				842C73941DCC30FC00E74E60 /* LaunchScreen.storyboard */,
				842C73971DCC30FC00E74E60 /* Info.plist */,
				842C738F1DCC30FB00E74E60 /* Ares3DTouch_First.xcdatamodeld */,
				842C73831DCC30FB00E74E60 /* Supporting Files */,
			);
			path = Ares3DTouch_First;
			sourceTree = "<group>";
		};
		842C73831DCC30FB00E74E60 /* Supporting Files */ = {
			isa = PBXGroup;
			children = (
				842C73841DCC30FB00E74E60 /* main.m */,
			);
			name = "Supporting Files";
			sourceTree = "<group>";
		};
		842C739F1DCC30FC00E74E60 /* Ares3DTouch_FirstTests */ = {
			isa = PBXGroup;
			children = (
				842C73A01DCC30FC00E74E60 /* Ares3DTouch_FirstTests.m */,
				842C73A21DCC30FC00E74E60 /* Info.plist */,
			);
			path = Ares3DTouch_FirstTests;
			sourceTree = "<group>";
		};
		842C73AA1DCC30FC00E74E60 /* Ares3DTouch_FirstUITests */ = {
			isa = PBXGroup;
			children = (
				842C73AB1DCC30FC00E74E60 /* Ares3DTouch_FirstUITests.m */,
				842C73AD1DCC30FC00E74E60 /* Info.plist */,
			);
			path = Ares3DTouch_FirstUITests;
			sourceTree = "<group>";
		};
		842C73B91DCC311600E74E60 /* Frameworks */ = {
			isa = PBXGroup;
			children = (
				842C73BA1DCC311600E74E60 /* SafariServices.framework */,
			);
			name = Frameworks;
			sourceTree = "<group>";
		};
/* End PBXGroup section */

/* Begin PBXNativeTarget section */
		842C737F1DCC30FB00E74E60 /* Ares3DTouch_First */ = {
			isa = PBXNativeTarget;
			buildConfigurationList = 842C73B01DCC30FC00E74E60 /* Build configuration list for PBXNativeTarget "Ares3DTouch_First" */;
			buildPhases = (
				842C737C1DCC30FB00E74E60 /* Sources */,
				842C737D1DCC30FB00E74E60 /* Frameworks */,
				842C737E1DCC30FB00E74E60 /* Resources */,
			);
			buildRules = (
			);
			dependencies = (
			);
			name = Ares3DTouch_First;
			productName = Ares3DTouch_First;
			productReference = 842C73801DCC30FB00E74E60 /* Ares3DTouch_First.app */;
			productType = "com.apple.product-type.application";
		};
		842C739B1DCC30FC00E74E60 /* Ares3DTouch_FirstTests */ = {
			isa = PBXNativeTarget;
			buildConfigurationList = 842C73B31DCC30FC00E74E60 /* Build configuration list for PBXNativeTarget "Ares3DTouch_FirstTests" */;
			buildPhases = (
				842C73981DCC30FC00E74E60 /* Sources */,
				842C73991DCC30FC00E74E60 /* Frameworks */,
				842C739A1DCC30FC00E74E60 /* Resources */,
			);
			buildRules = (
			);
			dependencies = (
				842C739E1DCC30FC00E74E60 /* PBXTargetDependency */,
			);
			name = Ares3DTouch_FirstTests;
			productName = Ares3DTouch_FirstTests;
			productReference = 842C739C1DCC30FC00E74E60 /* Ares3DTouch_FirstTests.xctest */;
			productType = "com.apple.product-type.bundle.unit-test";
		};
		842C73A61DCC30FC00E74E60 /* Ares3DTouch_FirstUITests */ = {
			isa = PBXNativeTarget;
			buildConfigurationList = 842C73B61DCC30FC00E74E60 /* Build configuration list for PBXNativeTarget "Ares3DTouch_FirstUITests" */;
			buildPhases = (
				842C73A31DCC30FC00E74E60 /* Sources */,
				842C73A41DCC30FC00E74E60 /* Frameworks */,
				842C73A51DCC30FC00E74E60 /* Resources */,
			);
			buildRules = (
			);
			dependencies = (
				842C73A91DCC30FC00E74E60 /* PBXTargetDependency */,
			);
			name = Ares3DTouch_FirstUITests;
			productName = Ares3DTouch_FirstUITests;
			productReference = 842C73A71DCC30FC00E74E60 /* Ares3DTouch_FirstUITests.xctest */;
			productType = "com.apple.product-type.bundle.ui-testing";
		};
/* End PBXNativeTarget section */

/* Begin PBXProject section */
		842C73781DCC30FB00E74E60 /* Project object */ = {
			isa = PBXProject;
			attributes = {
				LastUpgradeCheck = 0800;
				ORGANIZATIONNAME = AresBegin;
				TargetAttributes = {
					842C737F1DCC30FB00E74E60 = {
						CreatedOnToolsVersion = 8.0;
						DevelopmentTeam = 6Y94JD78DP;
						ProvisioningStyle = Automatic;
					};
					842C739B1DCC30FC00E74E60 = {
						CreatedOnToolsVersion = 8.0;
						ProvisioningStyle = Automatic;
						TestTargetID = 842C737F1DCC30FB00E74E60;
					};
					842C73A61DCC30FC00E74E60 = {
						CreatedOnToolsVersion = 8.0;
						ProvisioningStyle = Automatic;
						TestTargetID = 842C737F1DCC30FB00E74E60;
					};
				};
			};
			buildConfigurationList = 842C737B1DCC30FB00E74E60 /* Build configuration list for PBXProject "Ares3DTouch_First" */;
			compatibilityVersion = "Xcode 3.2";
			developmentRegion = English;
			hasScannedForEncodings = 0;
			knownRegions = (
				en,
				Base,
			);
			mainGroup = 842C73771DCC30FB00E74E60;
			productRefGroup = 842C73811DCC30FB00E74E60 /* Products */;
			projectDirPath = "";
			projectRoot = "";
			targets = (
				842C737F1DCC30FB00E74E60 /* Ares3DTouch_First */,
				842C739B1DCC30FC00E74E60 /* Ares3DTouch_FirstTests */,
				842C73A61DCC30FC00E74E60 /* Ares3DTouch_FirstUITests */,
			);
		};
/* End PBXProject section */

/* Begin PBXResourcesBuildPhase section */
		842C737E1DCC30FB00E74E60 /* Resources */ = {
			isa = PBXResourcesBuildPhase;
			buildActionMask = 2147483647;
			files = (
				842C73961DCC30FC00E74E60 /* LaunchScreen.storyboard in Resources */,
				842C73931DCC30FB00E74E60 /* Assets.xcassets in Resources */,
				842C738E1DCC30FB00E74E60 /* Main.storyboard in Resources */,
			);
			runOnlyForDeploymentPostprocessing = 0;
		};
		842C739A1DCC30FC00E74E60 /* Resources */ = {
			isa = PBXResourcesBuildPhase;
			buildActionMask = 2147483647;
			files = (
			);
			runOnlyForDeploymentPostprocessing = 0;
		};
		842C73A51DCC30FC00E74E60 /* Resources */ = {
			isa = PBXResourcesBuildPhase;
			buildActionMask = 2147483647;
			files = (
			);
			runOnlyForDeploymentPostprocessing = 0;
		};
/* End PBXResourcesBuildPhase section */

/* Begin PBXSourcesBuildPhase section */
		842C737C1DCC30FB00E74E60 /* Sources */ = {
			isa = PBXSourcesBuildPhase;
			buildActionMask = 2147483647;
			files = (
				842C738B1DCC30FB00E74E60 /* ViewController.m in Sources */,
				842C73881DCC30FB00E74E60 /* AppDelegate.m in Sources */,
				842C73911DCC30FB00E74E60 /* Ares3DTouch_First.xcdatamodeld in Sources */,
				842C73851DCC30FB00E74E60 /* main.m in Sources */,
			);
			runOnlyForDeploymentPostprocessing = 0;
		};
		842C73981DCC30FC00E74E60 /* Sources */ = {
			isa = PBXSourcesBuildPhase;
			buildActionMask = 2147483647;
			files = (
				842C73A11DCC30FC00E74E60 /* Ares3DTouch_FirstTests.m in Sources */,
			);
			runOnlyForDeploymentPostprocessing = 0;
		};
		842C73A31DCC30FC00E74E60 /* Sources */ = {
			isa = PBXSourcesBuildPhase;
			buildActionMask = 2147483647;
			files = (
				842C73AC1DCC30FC00E74E60 /* Ares3DTouch_FirstUITests.m in Sources */,
			);
			runOnlyForDeploymentPostprocessing = 0;
		};
/* End PBXSourcesBuildPhase section */

/* Begin PBXTargetDependency section */
		842C739E1DCC30FC00E74E60 /* PBXTargetDependency */ = {
			isa = PBXTargetDependency;
			target = 842C737F1DCC30FB00E74E60 /* Ares3DTouch_First */;
			targetProxy = 842C739D1DCC30FC00E74E60 /* PBXContainerItemProxy */;
		};
		842C73A91DCC30FC00E74E60 /* PBXTargetDependency */ = {
			isa = PBXTargetDependency;
			target = 842C737F1DCC30FB00E74E60 /* Ares3DTouch_First */;
			targetProxy = 842C73A81DCC30FC00E74E60 /* PBXContainerItemProxy */;
		};
/* End PBXTargetDependency section */

/* Begin PBXVariantGroup section */
		842C738C1DCC30FB00E74E60 /* Main.storyboard */ = {
			isa = PBXVariantGroup;
			children = (
				842C738D1DCC30FB00E74E60 /* Base */,
			);
			name = Main.storyboard;
			sourceTree = "<group>";
		};
		842C73941DCC30FC00E74E60 /* LaunchScreen.storyboard */ = {
			isa = PBXVariantGroup;
			children = (
				842C73951DCC30FC00E74E60 /* Base */,
			);
			name = LaunchScreen.storyboard;
			sourceTree = "<group>";
		};
/* End PBXVariantGroup section */

/* Begin XCBuildConfiguration section */
		842C73AE1DCC30FC00E74E60 /* Debug */ = {
			isa = XCBuildConfiguration;
			buildSettings = {
				ALWAYS_SEARCH_USER_PATHS = NO;
				CLANG_ANALYZER_NONNULL = YES;
				CLANG_CXX_LANGUAGE_STANDARD = "gnu++0x";
				CLANG_CXX_LIBRARY = "libc++";
				CLANG_ENABLE_MODULES = YES;
				CLANG_ENABLE_OBJC_ARC = YES;
				CLANG_WARN_BOOL_CONVERSION = YES;
				CLANG_WARN_CONSTANT_CONVERSION = YES;
				CLANG_WARN_DIRECT_OBJC_ISA_USAGE = YES_ERROR;
				CLANG_WARN_DOCUMENTATION_COMMENTS = YES;
				CLANG_WARN_EMPTY_BODY = YES;
				CLANG_WARN_ENUM_CONVERSION = YES;
				CLANG_WARN_INFINITE_RECURSION = YES;
				CLANG_WARN_INT_CONVERSION = YES;
				CLANG_WARN_OBJC_ROOT_CLASS = YES_ERROR;
				CLANG_WARN_SUSPICIOUS_MOVES = YES;
				CLANG_WARN_UNREACHABLE_CODE = YES;
				CLANG_WARN__DUPLICATE_METHOD_MATCH = YES;
				"CODE_SIGN_IDENTITY[sdk=iphoneos*]" = "iPhone Developer";
				COPY_PHASE_STRIP = NO;
				DEBUG_INFORMATION_FORMAT = dwarf;
				ENABLE_STRICT_OBJC_MSGSEND = YES;
				ENABLE_TESTABILITY = YES;
				GCC_C_LANGUAGE_STANDARD = gnu99;
				GCC_DYNAMIC_NO_PIC = NO;
				GCC_NO_COMMON_BLOCKS = YES;
				GCC_OPTIMIZATION_LEVEL = 0;
				GCC_PREPROCESSOR_DEFINITIONS = (
					"DEBUG=1",
					"$(inherited)",
				);
				GCC_WARN_64_TO_32_BIT_CONVERSION = YES;
				GCC_WARN_ABOUT_RETURN_TYPE = YES_ERROR;
				GCC_WARN_UNDECLARED_SELECTOR = YES;
				GCC_WARN_UNINITIALIZED_AUTOS = YES_AGGRESSIVE;
				GCC_WARN_UNUSED_FUNCTION = YES;
				GCC_WARN_UNUSED_VARIABLE = YES;
				IPHONEOS_DEPLOYMENT_TARGET = 10.0;
				MTL_ENABLE_DEBUG_INFO = YES;
				ONLY_ACTIVE_ARCH = YES;
				SDKROOT = iphoneos;
			};
			name = Debug;
		};
		842C73AF1DCC30FC00E74E60 /* Release */ = {
			isa = XCBuildConfiguration;
			buildSettings = {
				ALWAYS_SEARCH_USER_PATHS = NO;
				CLANG_ANALYZER_NONNULL = YES;
				CLANG_CXX_LANGUAGE_STANDARD = "gnu++0x";
				CLANG_CXX_LIBRARY = "libc++";
				CLANG_ENABLE_MODULES = YES;
				CLANG_ENABLE_OBJC_ARC = YES;
				CLANG_WARN_BOOL_CONVERSION = YES;
				CLANG_WARN_CONSTANT_CONVERSION = YES;
				CLANG_WARN_DIRECT_OBJC_ISA_USAGE = YES_ERROR;
				CLANG_WARN_DOCUMENTATION_COMMENTS = YES;
				CLANG_WARN_EMPTY_BODY = YES;
				CLANG_WARN_ENUM_CONVERSION = YES;
				CLANG_WARN_INFINITE_RECURSION = YES;
				CLANG_WARN_INT_CONVERSION = YES;
				CLANG_WARN_OBJC_ROOT_CLASS = YES_ERROR;
				CLANG_WARN_SUSPICIOUS_MOVES = YES;
				CLANG_WARN_UNREACHABLE_CODE = YES;
				CLANG_WARN__DUPLICATE_METHOD_MATCH = YES;
				"CODE_SIGN_IDENTITY[sdk=iphoneos*]" = "iPhone Developer";
				COPY_PHASE_STRIP = NO;
				DEBUG_INFORMATION_FORMAT = "dwarf-with-dsym";
				ENABLE_NS_ASSERTIONS = NO;
				ENABLE_STRICT_OBJC_MSGSEND = YES;
				GCC_C_LANGUAGE_STANDARD = gnu99;
				GCC_NO_COMMON_BLOCKS = YES;
				GCC_WARN_64_TO_32_BIT_CONVERSION = YES;
				GCC_WARN_ABOUT_RETURN_TYPE = YES_ERROR;
				GCC_WARN_UNDECLARED_SELECTOR = YES;
				GCC_WARN_UNINITIALIZED_AUTOS = YES_AGGRESSIVE;
				GCC_WARN_UNUSED_FUNCTION = YES;
				GCC_WARN_UNUSED_VARIABLE = YES;
				IPHONEOS_DEPLOYMENT_TARGET = 10.0;
				MTL_ENABLE_DEBUG_INFO = NO;
				SDKROOT = iphoneos;
				VALIDATE_PRODUCT = YES;
			};
			name = Release;
		};
		842C73B11DCC30FC00E74E60 /* Debug */ = {
			isa = XCBuildConfiguration;
			buildSettings = {
				ASSETCATALOG_COMPILER_APPICON_NAME = AppIcon;
				DEVELOPMENT_TEAM = 6Y94JD78DP;
				INFOPLIST_FILE = Ares3DTouch_First/Info.plist;
				LD_RUNPATH_SEARCH_PATHS = "$(inherited) @executable_path/Frameworks";
				PRODUCT_BUNDLE_IDENTIFIER = "com.HIBS.Ares3DTouch-First";
				PRODUCT_NAME = "$(TARGET_NAME)";
			};
			name = Debug;
		};
		842C73B21DCC30FC00E74E60 /* Release */ = {
			isa = XCBuildConfiguration;
			buildSettings = {
				ASSETCATALOG_COMPILER_APPICON_NAME = AppIcon;
				DEVELOPMENT_TEAM = 6Y94JD78DP;
				INFOPLIST_FILE = Ares3DTouch_First/Info.plist;
				LD_RUNPATH_SEARCH_PATHS = "$(inherited) @executable_path/Frameworks";
				PRODUCT_BUNDLE_IDENTIFIER = "com.HIBS.Ares3DTouch-First";
				PRODUCT_NAME = "$(TARGET_NAME)";
			};
			name = Release;
		};
		842C73B41DCC30FC00E74E60 /* Debug */ = {
			isa = XCBuildConfiguration;
			buildSettings = {
				BUNDLE_LOADER = "$(TEST_HOST)";
				INFOPLIST_FILE = Ares3DTouch_FirstTests/Info.plist;
				LD_RUNPATH_SEARCH_PATHS = "$(inherited) @executable_path/Frameworks @loader_path/Frameworks";
				PRODUCT_BUNDLE_IDENTIFIER = "com.HIBS.Ares3DTouch-FirstTests";
				PRODUCT_NAME = "$(TARGET_NAME)";
				TEST_HOST = "$(BUILT_PRODUCTS_DIR)/Ares3DTouch_First.app/Ares3DTouch_First";
			};
			name = Debug;
		};
		842C73B51DCC30FC00E74E60 /* Release */ = {
			isa = XCBuildConfiguration;
			buildSettings = {
				BUNDLE_LOADER = "$(TEST_HOST)";
				INFOPLIST_FILE = Ares3DTouch_FirstTests/Info.plist;
				LD_RUNPATH_SEARCH_PATHS = "$(inherited) @executable_path/Frameworks @loader_path/Frameworks";
				PRODUCT_BUNDLE_IDENTIFIER = "com.HIBS.Ares3DTouch-FirstTests";
				PRODUCT_NAME = "$(TARGET_NAME)";
				TEST_HOST = "$(BUILT_PRODUCTS_DIR)/Ares3DTouch_First.app/Ares3DTouch_First";
			};
			name = Release;
		};
		842C73B71DCC30FC00E74E60 /* Debug */ = {
			isa = XCBuildConfiguration;
			buildSettings = {
				INFOPLIST_FILE = Ares3DTouch_FirstUITests/Info.plist;
				LD_RUNPATH_SEARCH_PATHS = "$(inherited) @executable_path/Frameworks @loader_path/Frameworks";
				PRODUCT_BUNDLE_IDENTIFIER = "com.HIBS.Ares3DTouch-FirstUITests";
				PRODUCT_NAME = "$(TARGET_NAME)";
				TEST_TARGET_NAME = Ares3DTouch_First;
			};
			name = Debug;
		};
		842C73B81DCC30FC00E74E60 /* Release */ = {
			isa = XCBuildConfiguration;
			buildSettings = {
				INFOPLIST_FILE = Ares3DTouch_FirstUITests/Info.plist;
				LD_RUNPATH_SEARCH_PATHS = "$(inherited) @executable_path/Frameworks @loader_path/Frameworks";
				PRODUCT_BUNDLE_IDENTIFIER = "com.HIBS.Ares3DTouch-FirstUITests";
				PRODUCT_NAME = "$(TARGET_NAME)";
				TEST_TARGET_NAME = Ares3DTouch_First;
			};
			name = Release;
		};
/* End XCBuildConfiguration section */

/* Begin XCConfigurationList section */
		842C737B1DCC30FB00E74E60 /* Build configuration list for PBXProject "Ares3DTouch_First" */ = {
			isa = XCConfigurationList;
			buildConfigurations = (
				842C73AE1DCC30FC00E74E60 /* Debug */,
				842C73AF1DCC30FC00E74E60 /* Release */,
			);
			defaultConfigurationIsVisible = 0;
			defaultConfigurationName = Release;
		};
		842C73B01DCC30FC00E74E60 /* Build configuration list for PBXNativeTarget "Ares3DTouch_First" */ = {
			isa = XCConfigurationList;
			buildConfigurations = (
				842C73B11DCC30FC00E74E60 /* Debug */,
				842C73B21DCC30FC00E74E60 /* Release */,
			);
			defaultConfigurationIsVisible = 0;
		};
		842C73B31DCC30FC00E74E60 /* Build configuration list for PBXNativeTarget "Ares3DTouch_FirstTests" */ = {
			isa = XCConfigurationList;
			buildConfigurations = (
				842C73B41DCC30FC00E74E60 /* Debug */,
				842C73B51DCC30FC00E74E60 /* Release */,
			);
			defaultConfigurationIsVisible = 0;
		};
		842C73B61DCC30FC00E74E60 /* Build configuration list for PBXNativeTarget "Ares3DTouch_FirstUITests" */ = {
			isa = XCConfigurationList;
			buildConfigurations = (
				842C73B71DCC30FC00E74E60 /* Debug */,
				842C73B81DCC30FC00E74E60 /* Release */,
			);
			defaultConfigurationIsVisible = 0;
		};
/* End XCConfigurationList section */

/* Begin XCVersionGroup section */
		842C738F1DCC30FB00E74E60 /* Ares3DTouch_First.xcdatamodeld */ = {
			isa = XCVersionGroup;
			children = (
				842C73901DCC30FB00E74E60 /* Ares3DTouch_First.xcdatamodel */,
			);
			currentVersion = 842C73901DCC30FB00E74E60 /* Ares3DTouch_First.xcdatamodel */;
			path = Ares3DTouch_First.xcdatamodeld;
			sourceTree = "<group>";
			versionGroupType = wrapper.xcdatamodel;
		};
/* End XCVersionGroup section */
	};
	rootObject = 842C73781DCC30FB00E74E60 /* Project object */;
}
